
Microsoft Visual Studio Solution File, Format Version 12.00
# Visual Studio Version 17
VisualStudioVersion = 17.14.37111.16 d17.14
MinimumVisualStudioVersion = 10.0.40219.1
Project("{FAE04EC0-301F-11D3-BF4B-00C04F79EFBC}") = "Markdown_Parser", "Markdown_Parser.csproj", "{13C0BE40-1AA7-4D42-9975-E4F893B507E0}"
EndProject
Global
	GlobalSection(SolutionConfigurationPlatforms) = preSolution
		Debug|Any CPU = Debug|Any CPU
		Release|Any CPU = Release|Any CPU
	EndGlobalSection
	GlobalSection(ProjectConfigurationPlatforms) = postSolution
		{13C0BE40-1AA7-4D42-9975-E4F893B507E0}.Debug|Any CPU.ActiveCfg = Debug|Any CPU
		{13C0BE40-1AA7-4D42-9975-E4F893B507E0}.Debug|Any CPU.Build.0 = Debug|Any CPU
		{13C0BE40-1AA7-4D42-9975-E4F893B507E0}.Release|Any CPU.ActiveCfg = Release|Any CPU
		{13C0BE40-1AA7-4D42-9975-E4F893B507E0}.Release|Any CPU.Build.0 = Release|Any CPU
	EndGlobalSection
	GlobalSection(SolutionProperties) = preSolution
		HideSolutionNode = FALSE
	EndGlobalSection
	GlobalSection(ExtensibilityGlobals) = postSolution
		SolutionGuid = {E4F18FFC-2DCD-400C-8EB6-CE6492F4FFDA}
	EndGlobalSection
EndGlobal
